
Microsoft Visual Studio Solution File, Format Version 12.00
# Visual Studio 15
VisualStudioVersion = 15.0.28307.168
MinimumVisualStudioVersion = 10.0.40219.1
Project("{FAE04EC0-301F-11D3-BF4B-00C04F79EFBC}") = "SmartOakApp.Android", "SmartOakApp\SmartOakApp.Android\SmartOakApp.Android.csproj", "{5537FC32-9218-4639-98B3-24BF42C56E54}"
EndProject
Project("{FAE04EC0-301F-11D3-BF4B-00C04F79EFBC}") = "SmartOakApp.iOS", "SmartOakApp\SmartOakApp.iOS\SmartOakApp.iOS.csproj", "{5E8BA0B9-9952-43BD-86C9-9F48ED7D722D}"
EndProject
Project("{FAE04EC0-301F-11D3-BF4B-00C04F79EFBC}") = "SmartOakApp.UWP", "SmartOakApp\SmartOakApp.UWP\SmartOakApp.UWP.csproj", "{8C7D5CD8-3EF4-4326-A9C4-4C8FC4A8E95E}"
EndProject
Project("{FAE04EC0-301F-11D3-BF4B-00C04F79EFBC}") = "SmartOakApp", "SmartOakApp\SmartOakApp\SmartOakApp.csproj", "{642FBF7C-437F-4C6C-B095-F0479925C046}"
EndProject
Global
	GlobalSection(SolutionConfigurationPlatforms) = preSolution
		Ad-Hoc|Any CPU = Ad-Hoc|Any CPU
		Ad-Hoc|ARM = Ad-Hoc|ARM
		Ad-Hoc|iPhone = Ad-Hoc|iPhone
		Ad-Hoc|iPhoneSimulator = Ad-Hoc|iPhoneSimulator
		Ad-Hoc|x64 = Ad-Hoc|x64
		Ad-Hoc|x86 = Ad-Hoc|x86
		AppStore|Any CPU = AppStore|Any CPU
		AppStore|ARM = AppStore|ARM
		AppStore|iPhone = AppStore|iPhone
		AppStore|iPhoneSimulator = AppStore|iPhoneSimulator
		AppStore|x64 = AppStore|x64
		AppStore|x86 = AppStore|x86
		Debug|Any CPU = Debug|Any CPU
		Debug|ARM = Debug|ARM
		Debug|iPhone = Debug|iPhone
		Debug|iPhoneSimulator = Debug|iPhoneSimulator
		Debug|x64 = Debug|x64
		Debug|x86 = Debug|x86
		Release|Any CPU = Release|Any CPU
		Release|ARM = Release|ARM
		Release|iPhone = Release|iPhone
		Release|iPhoneSimulator = Release|iPhoneSimulator
		Release|x64 = Release|x64
		Release|x86 = Release|x86
	EndGlobalSection
	GlobalSection(ProjectConfigurationPlatforms) = postSolution
		{5537FC32-9218-4639-98B3-24BF42C56E54}.Ad-Hoc|Any CPU.ActiveCfg = Release|Any CPU
		{5537FC32-9218-4639-98B3-24BF42C56E54}.Ad-Hoc|Any CPU.Build.0 = Release|Any CPU
		{5537FC32-9218-4639-98B3-24BF42C56E54}.Ad-Hoc|Any CPU.Deploy.0 = Release|Any CPU
		{5537FC32-9218-4639-98B3-24BF42C56E54}.Ad-Hoc|ARM.ActiveCfg = Release|Any CPU
		{5537FC32-9218-4639-98B3-24BF42C56E54}.Ad-Hoc|ARM.Build.0 = Release|Any CPU
		{5537FC32-9218-4639-98B3-24BF42C56E54}.Ad-Hoc|ARM.Deploy.0 = Release|Any CPU
		{5537FC32-9218-4639-98B3-24BF42C56E54}.Ad-Hoc|iPhone.ActiveCfg = Release|Any CPU
		{5537FC32-9218-4639-98B3-24BF42C56E54}.Ad-Hoc|iPhone.Build.0 = Release|Any CPU
		{5537FC32-9218-4639-98B3-24BF42C56E54}.Ad-Hoc|iPhone.Deploy.0 = Release|Any CPU
		{5537FC32-9218-4639-98B3-24BF42C56E54}.Ad-Hoc|iPhoneSimulator.ActiveCfg = Release|Any CPU
		{5537FC32-9218-4639-98B3-24BF42C56E54}.Ad-Hoc|iPhoneSimulator.Build.0 = Release|Any CPU
		{5537FC32-9218-4639-98B3-24BF42C56E54}.Ad-Hoc|iPhoneSimulator.Deploy.0 = Release|Any CPU
		{5537FC32-9218-4639-98B3-24BF42C56E54}.Ad-Hoc|x64.ActiveCfg = Release|Any CPU
		{5537FC32-9218-4639-98B3-24BF42C56E54}.Ad-Hoc|x64.Build.0 = Release|Any CPU
		{5537FC32-9218-4639-98B3-24BF42C56E54}.Ad-Hoc|x64.Deploy.0 = Release|Any CPU
		{5537FC32-9218-4639-98B3-24BF42C56E54}.Ad-Hoc|x86.ActiveCfg = Release|Any CPU
		{5537FC32-9218-4639-98B3-24BF42C56E54}.Ad-Hoc|x86.Build.0 = Release|Any CPU
		{5537FC32-9218-4639-98B3-24BF42C56E54}.Ad-Hoc|x86.Deploy.0 = Release|Any CPU
		{5537FC32-9218-4639-98B3-24BF42C56E54}.AppStore|Any CPU.ActiveCfg = Release|Any CPU
		{5537FC32-9218-4639-98B3-24BF42C56E54}.AppStore|Any CPU.Build.0 = Release|Any CPU
		{5537FC32-9218-4639-98B3-24BF42C56E54}.AppStore|Any CPU.Deploy.0 = Release|Any CPU
		{5537FC32-9218-4639-98B3-24BF42C56E54}.AppStore|ARM.ActiveCfg = Release|Any CPU
		{5537FC32-9218-4639-98B3-24BF42C56E54}.AppStore|ARM.Build.0 = Release|Any CPU
		{5537FC32-9218-4639-98B3-24BF42C56E54}.AppStore|ARM.Deploy.0 = Release|Any CPU
		{5537FC32-9218-4639-98B3-24BF42C56E54}.AppStore|iPhone.ActiveCfg = Release|Any CPU
		{5537FC32-9218-4639-98B3-24BF42C56E54}.AppStore|iPhone.Build.0 = Release|Any CPU
		{5537FC32-9218-4639-98B3-24BF42C56E54}.AppStore|iPhone.Deploy.0 = Release|Any CPU
		{5537FC32-9218-4639-98B3-24BF42C56E54}.AppStore|iPhoneSimulator.ActiveCfg = Release|Any CPU
		{5537FC32-9218-4639-98B3-24BF42C56E54}.AppStore|iPhoneSimulator.Build.0 = Release|Any CPU
		{5537FC32-9218-4639-98B3-24BF42C56E54}.AppStore|iPhoneSimulator.Deploy.0 = Release|Any CPU
		{5537FC32-9218-4639-98B3-24BF42C56E54}.AppStore|x64.ActiveCfg = Release|Any CPU
		{5537FC32-9218-4639-98B3-24BF42C56E54}.AppStore|x64.Build.0 = Release|Any CPU
		{5537FC32-9218-4639-98B3-24BF42C56E54}.AppStore|x64.Deploy.0 = Release|Any CPU
		{5537FC32-9218-4639-98B3-24BF42C56E54}.AppStore|x86.ActiveCfg = Release|Any CPU
		{5537FC32-9218-4639-98B3-24BF42C56E54}.AppStore|x86.Build.0 = Release|Any CPU
		{5537FC32-9218-4639-98B3-24BF42C56E54}.AppStore|x86.Deploy.0 = Release|Any CPU
		{5537FC32-9218-4639-98B3-24BF42C56E54}.Debug|Any CPU.ActiveCfg = Debug|Any CPU
		{5537FC32-9218-4639-98B3-24BF42C56E54}.Debug|Any CPU.Build.0 = Debug|Any CPU
		{5537FC32-9218-4639-98B3-24BF42C56E54}.Debug|Any CPU.Deploy.0 = Debug|Any CPU
		{5537FC32-9218-4639-98B3-24BF42C56E54}.Debug|ARM.ActiveCfg = Debug|Any CPU
		{5537FC32-9218-4639-98B3-24BF42C56E54}.Debug|ARM.Build.0 = Debug|Any CPU
		{5537FC32-9218-4639-98B3-24BF42C56E54}.Debug|ARM.Deploy.0 = Debug|Any CPU
		{5537FC32-9218-4639-98B3-24BF42C56E54}.Debug|iPhone.ActiveCfg = Debug|Any CPU
		{5537FC32-9218-4639-98B3-24BF42C56E54}.Debug|iPhone.Build.0 = Debug|Any CPU
		{5537FC32-9218-4639-98B3-24BF42C56E54}.Debug|iPhone.Deploy.0 = Debug|Any CPU
		{5537FC32-9218-4639-98B3-24BF42C56E54}.Debug|iPhoneSimulator.ActiveCfg = Debug|Any CPU
		{5537FC32-9218-4639-98B3-24BF42C56E54}.Debug|iPhoneSimulator.Build.0 = Debug|Any CPU
		{5537FC32-9218-4639-98B3-24BF42C56E54}.Debug|iPhoneSimulator.Deploy.0 = Debug|Any CPU
		{5537FC32-9218-4639-98B3-24BF42C56E54}.Debug|x64.ActiveCfg = Debug|Any CPU
		{5537FC32-9218-4639-98B3-24BF42C56E54}.Debug|x64.Build.0 = Debug|Any CPU
		{5537FC32-9218-4639-98B3-24BF42C56E54}.Debug|x64.Deploy.0 = Debug|Any CPU
		{5537FC32-9218-4639-98B3-24BF42C56E54}.Debug|x86.ActiveCfg = Debug|Any CPU
		{5537FC32-9218-4639-98B3-24BF42C56E54}.Debug|x86.Build.0 = Debug|Any CPU
		{5537FC32-9218-4639-98B3-24BF42C56E54}.Debug|x86.Deploy.0 = Debug|Any CPU
		{5537FC32-9218-4639-98B3-24BF42C56E54}.Release|Any CPU.ActiveCfg = Release|Any CPU
		{5537FC32-9218-4639-98B3-24BF42C56E54}.Release|Any CPU.Build.0 = Release|Any CPU
		{5537FC32-9218-4639-98B3-24BF42C56E54}.Release|Any CPU.Deploy.0 = Release|Any CPU
		{5537FC32-9218-4639-98B3-24BF42C56E54}.Release|ARM.ActiveCfg = Release|Any CPU
		{5537FC32-9218-4639-98B3-24BF42C56E54}.Release|ARM.Build.0 = Release|Any CPU
		{5537FC32-9218-4639-98B3-24BF42C56E54}.Release|ARM.Deploy.0 = Release|Any CPU
		{5537FC32-9218-4639-98B3-24BF42C56E54}.Release|iPhone.ActiveCfg = Release|Any CPU
		{5537FC32-9218-4639-98B3-24BF42C56E54}.Release|iPhone.Build.0 = Release|Any CPU
		{5537FC32-9218-4639-98B3-24BF42C56E54}.Release|iPhone.Deploy.0 = Release|Any CPU
		{5537FC32-9218-4639-98B3-24BF42C56E54}.Release|iPhoneSimulator.ActiveCfg = Release|Any CPU
		{5537FC32-9218-4639-98B3-24BF42C56E54}.Release|iPhoneSimulator.Build.0 = Release|Any CPU
		{5537FC32-9218-4639-98B3-24BF42C56E54}.Release|iPhoneSimulator.Deploy.0 = Release|Any CPU
		{5537FC32-9218-4639-98B3-24BF42C56E54}.Release|x64.ActiveCfg = Release|Any CPU
		{5537FC32-9218-4639-98B3-24BF42C56E54}.Release|x64.Build.0 = Release|Any CPU
		{5537FC32-9218-4639-98B3-24BF42C56E54}.Release|x64.Deploy.0 = Release|Any CPU
		{5537FC32-9218-4639-98B3-24BF42C56E54}.Release|x86.ActiveCfg = Release|Any CPU
		{5537FC32-9218-4639-98B3-24BF42C56E54}.Release|x86.Build.0 = Release|Any CPU
		{5537FC32-9218-4639-98B3-24BF42C56E54}.Release|x86.Deploy.0 = Release|Any CPU
		{5E8BA0B9-9952-43BD-86C9-9F48ED7D722D}.Ad-Hoc|Any CPU.ActiveCfg = Ad-Hoc|iPhone
		{5E8BA0B9-9952-43BD-86C9-9F48ED7D722D}.Ad-Hoc|Any CPU.Build.0 = Ad-Hoc|iPhone
		{5E8BA0B9-9952-43BD-86C9-9F48ED7D722D}.Ad-Hoc|Any CPU.Deploy.0 = Ad-Hoc|iPhone
		{5E8BA0B9-9952-43BD-86C9-9F48ED7D722D}.Ad-Hoc|ARM.ActiveCfg = Ad-Hoc|iPhone
		{5E8BA0B9-9952-43BD-86C9-9F48ED7D722D}.Ad-Hoc|ARM.Build.0 = Ad-Hoc|iPhone
		{5E8BA0B9-9952-43BD-86C9-9F48ED7D722D}.Ad-Hoc|ARM.Deploy.0 = Ad-Hoc|iPhone
		{5E8BA0B9-9952-43BD-86C9-9F48ED7D722D}.Ad-Hoc|iPhone.ActiveCfg = Ad-Hoc|iPhone
		{5E8BA0B9-9952-43BD-86C9-9F48ED7D722D}.Ad-Hoc|iPhone.Build.0 = Ad-Hoc|iPhone
		{5E8BA0B9-9952-43BD-86C9-9F48ED7D722D}.Ad-Hoc|iPhone.Deploy.0 = Ad-Hoc|iPhone
		{5E8BA0B9-9952-43BD-86C9-9F48ED7D722D}.Ad-Hoc|iPhoneSimulator.ActiveCfg = Ad-Hoc|iPhoneSimulator
		{5E8BA0B9-9952-43BD-86C9-9F48ED7D722D}.Ad-Hoc|iPhoneSimulator.Build.0 = Ad-Hoc|iPhoneSimulator
		{5E8BA0B9-9952-43BD-86C9-9F48ED7D722D}.Ad-Hoc|iPhoneSimulator.Deploy.0 = Ad-Hoc|iPhoneSimulator
		{5E8BA0B9-9952-43BD-86C9-9F48ED7D722D}.Ad-Hoc|x64.ActiveCfg = Ad-Hoc|iPhone
		{5E8BA0B9-9952-43BD-86C9-9F48ED7D722D}.Ad-Hoc|x64.Build.0 = Ad-Hoc|iPhone
		{5E8BA0B9-9952-43BD-86C9-9F48ED7D722D}.Ad-Hoc|x64.Deploy.0 = Ad-Hoc|iPhone
		{5E8BA0B9-9952-43BD-86C9-9F48ED7D722D}.Ad-Hoc|x86.ActiveCfg = Ad-Hoc|iPhone
		{5E8BA0B9-9952-43BD-86C9-9F48ED7D722D}.Ad-Hoc|x86.Build.0 = Ad-Hoc|iPhone
		{5E8BA0B9-9952-43BD-86C9-9F48ED7D722D}.Ad-Hoc|x86.Deploy.0 = Ad-Hoc|iPhone
		{5E8BA0B9-9952-43BD-86C9-9F48ED7D722D}.AppStore|Any CPU.ActiveCfg = AppStore|iPhone
		{5E8BA0B9-9952-43BD-86C9-9F48ED7D722D}.AppStore|Any CPU.Build.0 = AppStore|iPhone
		{5E8BA0B9-9952-43BD-86C9-9F48ED7D722D}.AppStore|Any CPU.Deploy.0 = AppStore|iPhone
		{5E8BA0B9-9952-43BD-86C9-9F48ED7D722D}.AppStore|ARM.ActiveCfg = AppStore|iPhone
		{5E8BA0B9-9952-43BD-86C9-9F48ED7D722D}.AppStore|ARM.Build.0 = AppStore|iPhone
		{5E8BA0B9-9952-43BD-86C9-9F48ED7D722D}.AppStore|ARM.Deploy.0 = AppStore|iPhone
		{5E8BA0B9-9952-43BD-86C9-9F48ED7D722D}.AppStore|iPhone.ActiveCfg = AppStore|iPhone
		{5E8BA0B9-9952-43BD-86C9-9F48ED7D722D}.AppStore|iPhone.Build.0 = AppStore|iPhone
		{5E8BA0B9-9952-43BD-86C9-9F48ED7D722D}.AppStore|iPhone.Deploy.0 = AppStore|iPhone
		{5E8BA0B9-9952-43BD-86C9-9F48ED7D722D}.AppStore|iPhoneSimulator.ActiveCfg = AppStore|iPhoneSimulator
		{5E8BA0B9-9952-43BD-86C9-9F48ED7D722D}.AppStore|iPhoneSimulator.Build.0 = AppStore|iPhoneSimulator
		{5E8BA0B9-9952-43BD-86C9-9F48ED7D722D}.AppStore|iPhoneSimulator.Deploy.0 = AppStore|iPhoneSimulator
		{5E8BA0B9-9952-43BD-86C9-9F48ED7D722D}.AppStore|x64.ActiveCfg = AppStore|iPhone
		{5E8BA0B9-9952-43BD-86C9-9F48ED7D722D}.AppStore|x64.Build.0 = AppStore|iPhone
		{5E8BA0B9-9952-43BD-86C9-9F48ED7D722D}.AppStore|x64.Deploy.0 = AppStore|iPhone
		{5E8BA0B9-9952-43BD-86C9-9F48ED7D722D}.AppStore|x86.ActiveCfg = AppStore|iPhone
		{5E8BA0B9-9952-43BD-86C9-9F48ED7D722D}.AppStore|x86.Build.0 = AppStore|iPhone
		{5E8BA0B9-9952-43BD-86C9-9F48ED7D722D}.AppStore|x86.Deploy.0 = AppStore|iPhone
		{5E8BA0B9-9952-43BD-86C9-9F48ED7D722D}.Debug|Any CPU.ActiveCfg = Debug|iPhoneSimulator
		{5E8BA0B9-9952-43BD-86C9-9F48ED7D722D}.Debug|Any CPU.Build.0 = Debug|iPhoneSimulator
		{5E8BA0B9-9952-43BD-86C9-9F48ED7D722D}.Debug|Any CPU.Deploy.0 = Debug|iPhoneSimulator
		{5E8BA0B9-9952-43BD-86C9-9F48ED7D722D}.Debug|ARM.ActiveCfg = Debug|iPhone
		{5E8BA0B9-9952-43BD-86C9-9F48ED7D722D}.Debug|ARM.Build.0 = Debug|iPhone
		{5E8BA0B9-9952-43BD-86C9-9F48ED7D722D}.Debug|ARM.Deploy.0 = Debug|iPhone
		{5E8BA0B9-9952-43BD-86C9-9F48ED7D722D}.Debug|iPhone.ActiveCfg = Debug|iPhone
		{5E8BA0B9-9952-43BD-86C9-9F48ED7D722D}.Debug|iPhone.Build.0 = Debug|iPhone
		{5E8BA0B9-9952-43BD-86C9-9F48ED7D722D}.Debug|iPhone.Deploy.0 = Debug|iPhone
		{5E8BA0B9-9952-43BD-86C9-9F48ED7D722D}.Debug|iPhoneSimulator.ActiveCfg = Debug|iPhoneSimulator
		{5E8BA0B9-9952-43BD-86C9-9F48ED7D722D}.Debug|iPhoneSimulator.Build.0 = Debug|iPhoneSimulator
		{5E8BA0B9-9952-43BD-86C9-9F48ED7D722D}.Debug|iPhoneSimulator.Deploy.0 = Debug|iPhoneSimulator
		{5E8BA0B9-9952-43BD-86C9-9F48ED7D722D}.Debug|x64.ActiveCfg = Debug|iPhone
		{5E8BA0B9-9952-43BD-86C9-9F48ED7D722D}.Debug|x64.Build.0 = Debug|iPhone
		{5E8BA0B9-9952-43BD-86C9-9F48ED7D722D}.Debug|x64.Deploy.0 = Debug|iPhone
		{5E8BA0B9-9952-43BD-86C9-9F48ED7D722D}.Debug|x86.ActiveCfg = Debug|iPhone
		{5E8BA0B9-9952-43BD-86C9-9F48ED7D722D}.Debug|x86.Build.0 = Debug|iPhone
		{5E8BA0B9-9952-43BD-86C9-9F48ED7D722D}.Debug|x86.Deploy.0 = Debug|iPhone
		{5E8BA0B9-9952-43BD-86C9-9F48ED7D722D}.Release|Any CPU.ActiveCfg = Release|iPhone
		{5E8BA0B9-9952-43BD-86C9-9F48ED7D722D}.Release|Any CPU.Build.0 = Release|iPhone
		{5E8BA0B9-9952-43BD-86C9-9F48ED7D722D}.Release|Any CPU.Deploy.0 = Release|iPhone
		{5E8BA0B9-9952-43BD-86C9-9F48ED7D722D}.Release|ARM.ActiveCfg = Release|iPhone
		{5E8BA0B9-9952-43BD-86C9-9F48ED7D722D}.Release|ARM.Build.0 = Release|iPhone
		{5E8BA0B9-9952-43BD-86C9-9F48ED7D722D}.Release|ARM.Deploy.0 = Release|iPhone
		{5E8BA0B9-9952-43BD-86C9-9F48ED7D722D}.Release|iPhone.ActiveCfg = Release|iPhone
		{5E8BA0B9-9952-43BD-86C9-9F48ED7D722D}.Release|iPhone.Build.0 = Release|iPhone
		{5E8BA0B9-9952-43BD-86C9-9F48ED7D722D}.Release|iPhone.Deploy.0 = Release|iPhone
		{5E8BA0B9-9952-43BD-86C9-9F48ED7D722D}.Release|iPhoneSimulator.ActiveCfg = Release|iPhoneSimulator
		{5E8BA0B9-9952-43BD-86C9-9F48ED7D722D}.Release|iPhoneSimulator.Build.0 = Release|iPhoneSimulator
		{5E8BA0B9-9952-43BD-86C9-9F48ED7D722D}.Release|iPhoneSimulator.Deploy.0 = Release|iPhoneSimulator
		{5E8BA0B9-9952-43BD-86C9-9F48ED7D722D}.Release|x64.ActiveCfg = Release|iPhone
		{5E8BA0B9-9952-43BD-86C9-9F48ED7D722D}.Release|x64.Build.0 = Release|iPhone
		{5E8BA0B9-9952-43BD-86C9-9F48ED7D722D}.Release|x64.Deploy.0 = Release|iPhone
		{5E8BA0B9-9952-43BD-86C9-9F48ED7D722D}.Release|x86.ActiveCfg = Release|iPhone
		{5E8BA0B9-9952-43BD-86C9-9F48ED7D722D}.Release|x86.Build.0 = Release|iPhone
		{5E8BA0B9-9952-43BD-86C9-9F48ED7D722D}.Release|x86.Deploy.0 = Release|iPhone
		{8C7D5CD8-3EF4-4326-A9C4-4C8FC4A8E95E}.Ad-Hoc|Any CPU.ActiveCfg = Release|x86
		{8C7D5CD8-3EF4-4326-A9C4-4C8FC4A8E95E}.Ad-Hoc|Any CPU.Build.0 = Release|x86
		{8C7D5CD8-3EF4-4326-A9C4-4C8FC4A8E95E}.Ad-Hoc|Any CPU.Deploy.0 = Release|x86
		{8C7D5CD8-3EF4-4326-A9C4-4C8FC4A8E95E}.Ad-Hoc|ARM.ActiveCfg = Release|ARM
		{8C7D5CD8-3EF4-4326-A9C4-4C8FC4A8E95E}.Ad-Hoc|ARM.Build.0 = Release|ARM
		{8C7D5CD8-3EF4-4326-A9C4-4C8FC4A8E95E}.Ad-Hoc|ARM.Deploy.0 = Release|ARM
		{8C7D5CD8-3EF4-4326-A9C4-4C8FC4A8E95E}.Ad-Hoc|iPhone.ActiveCfg = Release|x86
		{8C7D5CD8-3EF4-4326-A9C4-4C8FC4A8E95E}.Ad-Hoc|iPhone.Build.0 = Release|x86
		{8C7D5CD8-3EF4-4326-A9C4-4C8FC4A8E95E}.Ad-Hoc|iPhone.Deploy.0 = Release|x86
		{8C7D5CD8-3EF4-4326-A9C4-4C8FC4A8E95E}.Ad-Hoc|iPhoneSimulator.ActiveCfg = Release|x86
		{8C7D5CD8-3EF4-4326-A9C4-4C8FC4A8E95E}.Ad-Hoc|iPhoneSimulator.Build.0 = Release|x86
		{8C7D5CD8-3EF4-4326-A9C4-4C8FC4A8E95E}.Ad-Hoc|iPhoneSimulator.Deploy.0 = Release|x86
		{8C7D5CD8-3EF4-4326-A9C4-4C8FC4A8E95E}.Ad-Hoc|x64.ActiveCfg = Release|x64
		{8C7D5CD8-3EF4-4326-A9C4-4C8FC4A8E95E}.Ad-Hoc|x64.Build.0 = Release|x64
		{8C7D5CD8-3EF4-4326-A9C4-4C8FC4A8E95E}.Ad-Hoc|x64.Deploy.0 = Release|x64
		{8C7D5CD8-3EF4-4326-A9C4-4C8FC4A8E95E}.Ad-Hoc|x86.ActiveCfg = Release|x86
		{8C7D5CD8-3EF4-4326-A9C4-4C8FC4A8E95E}.Ad-Hoc|x86.Build.0 = Release|x86
		{8C7D5CD8-3EF4-4326-A9C4-4C8FC4A8E95E}.Ad-Hoc|x86.Deploy.0 = Release|x86
		{8C7D5CD8-3EF4-4326-A9C4-4C8FC4A8E95E}.AppStore|Any CPU.ActiveCfg = Release|x86
		{8C7D5CD8-3EF4-4326-A9C4-4C8FC4A8E95E}.AppStore|Any CPU.Build.0 = Release|x86
		{8C7D5CD8-3EF4-4326-A9C4-4C8FC4A8E95E}.AppStore|Any CPU.Deploy.0 = Release|x86
		{8C7D5CD8-3EF4-4326-A9C4-4C8FC4A8E95E}.AppStore|ARM.ActiveCfg = Release|ARM
		{8C7D5CD8-3EF4-4326-A9C4-4C8FC4A8E95E}.AppStore|ARM.Build.0 = Release|ARM
		{8C7D5CD8-3EF4-4326-A9C4-4C8FC4A8E95E}.AppStore|ARM.Deploy.0 = Release|ARM
		{8C7D5CD8-3EF4-4326-A9C4-4C8FC4A8E95E}.AppStore|iPhone.ActiveCfg = Release|x86
		{8C7D5CD8-3EF4-4326-A9C4-4C8FC4A8E95E}.AppStore|iPhone.Build.0 = Release|x86
		{8C7D5CD8-3EF4-4326-A9C4-4C8FC4A8E95E}.AppStore|iPhone.Deploy.0 = Release|x86
		{8C7D5CD8-3EF4-4326-A9C4-4C8FC4A8E95E}.AppStore|iPhoneSimulator.ActiveCfg = Release|x86
		{8C7D5CD8-3EF4-4326-A9C4-4C8FC4A8E95E}.AppStore|iPhoneSimulator.Build.0 = Release|x86
		{8C7D5CD8-3EF4-4326-A9C4-4C8FC4A8E95E}.AppStore|iPhoneSimulator.Deploy.0 = Release|x86
		{8C7D5CD8-3EF4-4326-A9C4-4C8FC4A8E95E}.AppStore|x64.ActiveCfg = Release|x64
		{8C7D5CD8-3EF4-4326-A9C4-4C8FC4A8E95E}.AppStore|x64.Build.0 = Release|x64
		{8C7D5CD8-3EF4-4326-A9C4-4C8FC4A8E95E}.AppStore|x64.Deploy.0 = Release|x64
		{8C7D5CD8-3EF4-4326-A9C4-4C8FC4A8E95E}.AppStore|x86.ActiveCfg = Release|x86
		{8C7D5CD8-3EF4-4326-A9C4-4C8FC4A8E95E}.AppStore|x86.Build.0 = Release|x86
		{8C7D5CD8-3EF4-4326-A9C4-4C8FC4A8E95E}.AppStore|x86.Deploy.0 = Release|x86
		{8C7D5CD8-3EF4-4326-A9C4-4C8FC4A8E95E}.Debug|Any CPU.ActiveCfg = Debug|x86
		{8C7D5CD8-3EF4-4326-A9C4-4C8FC4A8E95E}.Debug|Any CPU.Build.0 = Debug|x86
		{8C7D5CD8-3EF4-4326-A9C4-4C8FC4A8E95E}.Debug|Any CPU.Deploy.0 = Debug|x86
		{8C7D5CD8-3EF4-4326-A9C4-4C8FC4A8E95E}.Debug|ARM.ActiveCfg = Debug|ARM
		{8C7D5CD8-3EF4-4326-A9C4-4C8FC4A8E95E}.Debug|ARM.Build.0 = Debug|ARM
		{8C7D5CD8-3EF4-4326-A9C4-4C8FC4A8E95E}.Debug|ARM.Deploy.0 = Debug|ARM
		{8C7D5CD8-3EF4-4326-A9C4-4C8FC4A8E95E}.Debug|iPhone.ActiveCfg = Debug|x86
		{8C7D5CD8-3EF4-4326-A9C4-4C8FC4A8E95E}.Debug|iPhone.Build.0 = Debug|x86
		{8C7D5CD8-3EF4-4326-A9C4-4C8FC4A8E95E}.Debug|iPhone.Deploy.0 = Debug|x86
		{8C7D5CD8-3EF4-4326-A9C4-4C8FC4A8E95E}.Debug|iPhoneSimulator.ActiveCfg = Debug|x86
		{8C7D5CD8-3EF4-4326-A9C4-4C8FC4A8E95E}.Debug|iPhoneSimulator.Build.0 = Debug|x86
		{8C7D5CD8-3EF4-4326-A9C4-4C8FC4A8E95E}.Debug|iPhoneSimulator.Deploy.0 = Debug|x86
		{8C7D5CD8-3EF4-4326-A9C4-4C8FC4A8E95E}.Debug|x64.ActiveCfg = Debug|x64
		{8C7D5CD8-3EF4-4326-A9C4-4C8FC4A8E95E}.Debug|x64.Build.0 = Debug|x64
		{8C7D5CD8-3EF4-4326-A9C4-4C8FC4A8E95E}.Debug|x64.Deploy.0 = Debug|x64
		{8C7D5CD8-3EF4-4326-A9C4-4C8FC4A8E95E}.Debug|x86.ActiveCfg = Debug|x86
		{8C7D5CD8-3EF4-4326-A9C4-4C8FC4A8E95E}.Debug|x86.Build.0 = Debug|x86
		{8C7D5CD8-3EF4-4326-A9C4-4C8FC4A8E95E}.Debug|x86.Deploy.0 = Debug|x86
		{8C7D5CD8-3EF4-4326-A9C4-4C8FC4A8E95E}.Release|Any CPU.ActiveCfg = Release|x86
		{8C7D5CD8-3EF4-4326-A9C4-4C8FC4A8E95E}.Release|Any CPU.Build.0 = Release|x86
		{8C7D5CD8-3EF4-4326-A9C4-4C8FC4A8E95E}.Release|Any CPU.Deploy.0 = Release|x86
		{8C7D5CD8-3EF4-4326-A9C4-4C8FC4A8E95E}.Release|ARM.ActiveCfg = Release|ARM
		{8C7D5CD8-3EF4-4326-A9C4-4C8FC4A8E95E}.Release|ARM.Build.0 = Release|ARM
		{8C7D5CD8-3EF4-4326-A9C4-4C8FC4A8E95E}.Release|ARM.Deploy.0 = Release|ARM
		{8C7D5CD8-3EF4-4326-A9C4-4C8FC4A8E95E}.Release|iPhone.ActiveCfg = Release|x86
		{8C7D5CD8-3EF4-4326-A9C4-4C8FC4A8E95E}.Release|iPhone.Build.0 = Release|x86
		{8C7D5CD8-3EF4-4326-A9C4-4C8FC4A8E95E}.Release|iPhone.Deploy.0 = Release|x86
		{8C7D5CD8-3EF4-4326-A9C4-4C8FC4A8E95E}.Release|iPhoneSimulator.ActiveCfg = Release|x86
		{8C7D5CD8-3EF4-4326-A9C4-4C8FC4A8E95E}.Release|iPhoneSimulator.Build.0 = Release|x86
		{8C7D5CD8-3EF4-4326-A9C4-4C8FC4A8E95E}.Release|iPhoneSimulator.Deploy.0 = Release|x86
		{8C7D5CD8-3EF4-4326-A9C4-4C8FC4A8E95E}.Release|x64.ActiveCfg = Release|x64
		{8C7D5CD8-3EF4-4326-A9C4-4C8FC4A8E95E}.Release|x64.Build.0 = Release|x64
		{8C7D5CD8-3EF4-4326-A9C4-4C8FC4A8E95E}.Release|x64.Deploy.0 = Release|x64
		{8C7D5CD8-3EF4-4326-A9C4-4C8FC4A8E95E}.Release|x86.ActiveCfg = Release|x86
		{8C7D5CD8-3EF4-4326-A9C4-4C8FC4A8E95E}.Release|x86.Build.0 = Release|x86
		{8C7D5CD8-3EF4-4326-A9C4-4C8FC4A8E95E}.Release|x86.Deploy.0 = Release|x86
		{642FBF7C-437F-4C6C-B095-F0479925C046}.Ad-Hoc|Any CPU.ActiveCfg = Debug|Any CPU
		{642FBF7C-437F-4C6C-B095-F0479925C046}.Ad-Hoc|Any CPU.Build.0 = Debug|Any CPU
		{642FBF7C-437F-4C6C-B095-F0479925C046}.Ad-Hoc|Any CPU.Deploy.0 = Debug|Any CPU
		{642FBF7C-437F-4C6C-B095-F0479925C046}.Ad-Hoc|ARM.ActiveCfg = Debug|Any CPU
		{642FBF7C-437F-4C6C-B095-F0479925C046}.Ad-Hoc|ARM.Build.0 = Debug|Any CPU
		{642FBF7C-437F-4C6C-B095-F0479925C046}.Ad-Hoc|ARM.Deploy.0 = Debug|Any CPU
		{642FBF7C-437F-4C6C-B095-F0479925C046}.Ad-Hoc|iPhone.ActiveCfg = Debug|Any CPU
		{642FBF7C-437F-4C6C-B095-F0479925C046}.Ad-Hoc|iPhone.Build.0 = Debug|Any CPU
		{642FBF7C-437F-4C6C-B095-F0479925C046}.Ad-Hoc|iPhone.Deploy.0 = Debug|Any CPU
		{642FBF7C-437F-4C6C-B095-F0479925C046}.Ad-Hoc|iPhoneSimulator.ActiveCfg = Debug|Any CPU
		{642FBF7C-437F-4C6C-B095-F0479925C046}.Ad-Hoc|iPhoneSimulator.Build.0 = Debug|Any CPU
		{642FBF7C-437F-4C6C-B095-F0479925C046}.Ad-Hoc|iPhoneSimulator.Deploy.0 = Debug|Any CPU
		{642FBF7C-437F-4C6C-B095-F0479925C046}.Ad-Hoc|x64.ActiveCfg = Debug|Any CPU
		{642FBF7C-437F-4C6C-B095-F0479925C046}.Ad-Hoc|x64.Build.0 = Debug|Any CPU
		{642FBF7C-437F-4C6C-B095-F0479925C046}.Ad-Hoc|x64.Deploy.0 = Debug|Any CPU
		{642FBF7C-437F-4C6C-B095-F0479925C046}.Ad-Hoc|x86.ActiveCfg = Debug|Any CPU
		{642FBF7C-437F-4C6C-B095-F0479925C046}.Ad-Hoc|x86.Build.0 = Debug|Any CPU
		{642FBF7C-437F-4C6C-B095-F0479925C046}.Ad-Hoc|x86.Deploy.0 = Debug|Any CPU
		{642FBF7C-437F-4C6C-B095-F0479925C046}.AppStore|Any CPU.ActiveCfg = Debug|Any CPU
		{642FBF7C-437F-4C6C-B095-F0479925C046}.AppStore|Any CPU.Build.0 = Debug|Any CPU
		{642FBF7C-437F-4C6C-B095-F0479925C046}.AppStore|Any CPU.Deploy.0 = Debug|Any CPU
		{642FBF7C-437F-4C6C-B095-F0479925C046}.AppStore|ARM.ActiveCfg = Debug|Any CPU
		{642FBF7C-437F-4C6C-B095-F0479925C046}.AppStore|ARM.Build.0 = Debug|Any CPU
		{642FBF7C-437F-4C6C-B095-F0479925C046}.AppStore|ARM.Deploy.0 = Debug|Any CPU
		{642FBF7C-437F-4C6C-B095-F0479925C046}.AppStore|iPhone.ActiveCfg = Debug|Any CPU
		{642FBF7C-437F-4C6C-B095-F0479925C046}.AppStore|iPhone.Build.0 = Debug|Any CPU
		{642FBF7C-437F-4C6C-B095-F0479925C046}.AppStore|iPhone.Deploy.0 = Debug|Any CPU
		{642FBF7C-437F-4C6C-B095-F0479925C046}.AppStore|iPhoneSimulator.ActiveCfg = Debug|Any CPU
		{642FBF7C-437F-4C6C-B095-F0479925C046}.AppStore|iPhoneSimulator.Build.0 = Debug|Any CPU
		{642FBF7C-437F-4C6C-B095-F0479925C046}.AppStore|iPhoneSimulator.Deploy.0 = Debug|Any CPU
		{642FBF7C-437F-4C6C-B095-F0479925C046}.AppStore|x64.ActiveCfg = Debug|Any CPU
		{642FBF7C-437F-4C6C-B095-F0479925C046}.AppStore|x64.Build.0 = Debug|Any CPU
		{642FBF7C-437F-4C6C-B095-F0479925C046}.AppStore|x64.Deploy.0 = Debug|Any CPU
		{642FBF7C-437F-4C6C-B095-F0479925C046}.AppStore|x86.ActiveCfg = Debug|Any CPU
		{642FBF7C-437F-4C6C-B095-F0479925C046}.AppStore|x86.Build.0 = Debug|Any CPU
		{642FBF7C-437F-4C6C-B095-F0479925C046}.AppStore|x86.Deploy.0 = Debug|Any CPU
		{642FBF7C-437F-4C6C-B095-F0479925C046}.Debug|Any CPU.ActiveCfg = Debug|Any CPU
		{642FBF7C-437F-4C6C-B095-F0479925C046}.Debug|Any CPU.Build.0 = Debug|Any CPU
		{642FBF7C-437F-4C6C-B095-F0479925C046}.Debug|Any CPU.Deploy.0 = Debug|Any CPU
		{642FBF7C-437F-4C6C-B095-F0479925C046}.Debug|ARM.ActiveCfg = Debug|Any CPU
		{642FBF7C-437F-4C6C-B095-F0479925C046}.Debug|ARM.Build.0 = Debug|Any CPU
		{642FBF7C-437F-4C6C-B095-F0479925C046}.Debug|ARM.Deploy.0 = Debug|Any CPU
		{642FBF7C-437F-4C6C-B095-F0479925C046}.Debug|iPhone.ActiveCfg = Debug|Any CPU
		{642FBF7C-437F-4C6C-B095-F0479925C046}.Debug|iPhone.Build.0 = Debug|Any CPU
		{642FBF7C-437F-4C6C-B095-F0479925C046}.Debug|iPhone.Deploy.0 = Debug|Any CPU
		{642FBF7C-437F-4C6C-B095-F0479925C046}.Debug|iPhoneSimulator.ActiveCfg = Debug|Any CPU
		{642FBF7C-437F-4C6C-B095-F0479925C046}.Debug|iPhoneSimulator.Build.0 = Debug|Any CPU
		{642FBF7C-437F-4C6C-B095-F0479925C046}.Debug|iPhoneSimulator.Deploy.0 = Debug|Any CPU
		{642FBF7C-437F-4C6C-B095-F0479925C046}.Debug|x64.ActiveCfg = Debug|Any CPU
		{642FBF7C-437F-4C6C-B095-F0479925C046}.Debug|x64.Build.0 = Debug|Any CPU
		{642FBF7C-437F-4C6C-B095-F0479925C046}.Debug|x64.Deploy.0 = Debug|Any CPU
		{642FBF7C-437F-4C6C-B095-F0479925C046}.Debug|x86.ActiveCfg = Debug|Any CPU
		{642FBF7C-437F-4C6C-B095-F0479925C046}.Debug|x86.Build.0 = Debug|Any CPU
		{642FBF7C-437F-4C6C-B095-F0479925C046}.Debug|x86.Deploy.0 = Debug|Any CPU
		{642FBF7C-437F-4C6C-B095-F0479925C046}.Release|Any CPU.ActiveCfg = Release|Any CPU
		{642FBF7C-437F-4C6C-B095-F0479925C046}.Release|Any CPU.Build.0 = Release|Any CPU
		{642FBF7C-437F-4C6C-B095-F0479925C046}.Release|Any CPU.Deploy.0 = Release|Any CPU
		{642FBF7C-437F-4C6C-B095-F0479925C046}.Release|ARM.ActiveCfg = Release|Any CPU
		{642FBF7C-437F-4C6C-B095-F0479925C046}.Release|ARM.Build.0 = Release|Any CPU
		{642FBF7C-437F-4C6C-B095-F0479925C046}.Release|ARM.Deploy.0 = Release|Any CPU
		{642FBF7C-437F-4C6C-B095-F0479925C046}.Release|iPhone.ActiveCfg = Release|Any CPU
		{642FBF7C-437F-4C6C-B095-F0479925C046}.Release|iPhone.Build.0 = Release|Any CPU
		{642FBF7C-437F-4C6C-B095-F0479925C046}.Release|iPhone.Deploy.0 = Release|Any CPU
		{642FBF7C-437F-4C6C-B095-F0479925C046}.Release|iPhoneSimulator.ActiveCfg = Release|Any CPU
		{642FBF7C-437F-4C6C-B095-F0479925C046}.Release|iPhoneSimulator.Build.0 = Release|Any CPU
		{642FBF7C-437F-4C6C-B095-F0479925C046}.Release|iPhoneSimulator.Deploy.0 = Release|Any CPU
		{642FBF7C-437F-4C6C-B095-F0479925C046}.Release|x64.ActiveCfg = Release|Any CPU
		{642FBF7C-437F-4C6C-B095-F0479925C046}.Release|x64.Build.0 = Release|Any CPU
		{642FBF7C-437F-4C6C-B095-F0479925C046}.Release|x64.Deploy.0 = Release|Any CPU
		{642FBF7C-437F-4C6C-B095-F0479925C046}.Release|x86.ActiveCfg = Release|Any CPU
		{642FBF7C-437F-4C6C-B095-F0479925C046}.Release|x86.Build.0 = Release|Any CPU
		{642FBF7C-437F-4C6C-B095-F0479925C046}.Release|x86.Deploy.0 = Release|Any CPU
	EndGlobalSection
	GlobalSection(SolutionProperties) = preSolution
		HideSolutionNode = FALSE
	EndGlobalSection
	GlobalSection(ExtensibilityGlobals) = postSolution
		SolutionGuid = {F53E26E9-3A0E-4B40-A206-92200A205E6C}
	EndGlobalSection
EndGlobal
